{
  "pins" : [
    {
      "identity" : "crypto4funkit",
      "kind" : "remoteSourceControl",
      "location" : "https://github.com/Harry-KNIGHT/Crypto4FunKit",
      "state" : {
        "branch" : "main",
        "revision" : "dce9060fab3f502eb33401f23feacc1062cf741d"
      }
    }
  ],
  "version" : 2
}
