// !$*UTF8*$!
{
	archiveVersion = 1;
	classes = {
	};
	objectVersion = 56;
	objects = {

/* Begin PBXBuildFile section */
		3C1F2F7B28D7AC8D007783C0 /* Crypto4FunKit in Frameworks */ = {isa = PBXBuildFile; productRef = 3C1F2F7A28D7AC8D007783C0 /* Crypto4FunKit */; };
		3C1F2F7D28D7AD99007783C0 /* ExtensionUIImageView.swift in Sources */ = {isa = PBXBuildFile; fileRef = 3C1F2F7C28D7AD99007783C0 /* ExtensionUIImageView.swift */; };
		3CCF0DB828D310A1002D18CA /* AppDelegate.swift in Sources */ = {isa = PBXBuildFile; fileRef = 3CCF0DB728D310A1002D18CA /* AppDelegate.swift */; };
		3CCF0DBA28D310A1002D18CA /* SceneDelegate.swift in Sources */ = {isa = PBXBuildFile; fileRef = 3CCF0DB928D310A1002D18CA /* SceneDelegate.swift */; };
		3CCF0DBC28D310A1002D18CA /* ViewController.swift in Sources */ = {isa = PBXBuildFile; fileRef = 3CCF0DBB28D310A1002D18CA /* ViewController.swift */; };
		3CCF0DBF28D310A1002D18CA /* Main.storyboard in Resources */ = {isa = PBXBuildFile; fileRef = 3CCF0DBD28D310A1002D18CA /* Main.storyboard */; };
		3CCF0DC128D310A1002D18CA /* Assets.xcassets in Resources */ = {isa = PBXBuildFile; fileRef = 3CCF0DC028D310A1002D18CA /* Assets.xcassets */; };
		3CCF0DC428D310A1002D18CA /* LaunchScreen.storyboard in Resources */ = {isa = PBXBuildFile; fileRef = 3CCF0DC228D310A1002D18CA /* LaunchScreen.storyboard */; };
		3CD35AF828D5F40400662AC3 /* CryptoCell.swift in Sources */ = {isa = PBXBuildFile; fileRef = 3CD35AF728D5F40400662AC3 /* CryptoCell.swift */; };
/* End PBXBuildFile section */

/* Begin PBXFileReference section */
		3C1F2F7C28D7AD99007783C0 /* ExtensionUIImageView.swift */ = {isa = PBXFileReference; lastKnownFileType = sourcecode.swift; path = ExtensionUIImageView.swift; sourceTree = "<group>"; };
		3CCF0DB428D310A1002D18CA /* Crypto4FunUIKit.app */ = {isa = PBXFileReference; explicitFileType = wrapper.application; includeInIndex = 0; path = Crypto4FunUIKit.app; sourceTree = BUILT_PRODUCTS_DIR; };
		3CCF0DB728D310A1002D18CA /* AppDelegate.swift */ = {isa = PBXFileReference; lastKnownFileType = sourcecode.swift; path = AppDelegate.swift; sourceTree = "<group>"; };
		3CCF0DB928D310A1002D18CA /* SceneDelegate.swift */ = {isa = PBXFileReference; lastKnownFileType = sourcecode.swift; path = SceneDelegate.swift; sourceTree = "<group>"; };
		3CCF0DBB28D310A1002D18CA /* ViewController.swift */ = {isa = PBXFileReference; lastKnownFileType = sourcecode.swift; path = ViewController.swift; sourceTree = "<group>"; };
		3CCF0DBE28D310A1002D18CA /* Base */ = {isa = PBXFileReference; lastKnownFileType = file.storyboard; name = Base; path = Base.lproj/Main.storyboard; sourceTree = "<group>"; };
		3CCF0DC028D310A1002D18CA /* Assets.xcassets */ = {isa = PBXFileReference; lastKnownFileType = folder.assetcatalog; path = Assets.xcassets; sourceTree = "<group>"; };
		3CCF0DC328D310A1002D18CA /* Base */ = {isa = PBXFileReference; lastKnownFileType = file.storyboard; name = Base; path = Base.lproj/LaunchScreen.storyboard; sourceTree = "<group>"; };
		3CCF0DC528D310A1002D18CA /* Info.plist */ = {isa = PBXFileReference; lastKnownFileType = text.plist.xml; path = Info.plist; sourceTree = "<group>"; };
		3CD35AF728D5F40400662AC3 /* CryptoCell.swift */ = {isa = PBXFileReference; lastKnownFileType = sourcecode.swift; path = CryptoCell.swift; sourceTree = "<group>"; };
/* End PBXFileReference section */

/* Begin PBXFrameworksBuildPhase section */
		3CCF0DB128D310A1002D18CA /* Frameworks */ = {
			isa = PBXFrameworksBuildPhase;
			buildActionMask = 2147483647;
			files = (
				3C1F2F7B28D7AC8D007783C0 /* Crypto4FunKit in Frameworks */,
			);
			runOnlyForDeploymentPostprocessing = 0;
		};
/* End PBXFrameworksBuildPhase section */

/* Begin PBXGroup section */
		3CCF0DAB28D310A1002D18CA = {
			isa = PBXGroup;
			children = (
				3CCF0DB628D310A1002D18CA /* Crypto4FunUIKit */,
				3CCF0DB528D310A1002D18CA /* Products */,
			);
			sourceTree = "<group>";
		};
		3CCF0DB528D310A1002D18CA /* Products */ = {
			isa = PBXGroup;
			children = (
				3CCF0DB428D310A1002D18CA /* Crypto4FunUIKit.app */,
			);
			name = Products;
			sourceTree = "<group>";
		};
		3CCF0DB628D310A1002D18CA /* Crypto4FunUIKit */ = {
			isa = PBXGroup;
			children = (
				3CCF0DB728D310A1002D18CA /* AppDelegate.swift */,
				3CCF0DB928D310A1002D18CA /* SceneDelegate.swift */,
				3CCF0DBB28D310A1002D18CA /* ViewController.swift */,
				3C1F2F7C28D7AD99007783C0 /* ExtensionUIImageView.swift */,
				3CCF0DBD28D310A1002D18CA /* Main.storyboard */,
				3CD35AF728D5F40400662AC3 /* CryptoCell.swift */,
				3CCF0DC028D310A1002D18CA /* Assets.xcassets */,
				3CCF0DC228D310A1002D18CA /* LaunchScreen.storyboard */,
				3CCF0DC528D310A1002D18CA /* Info.plist */,
			);
			path = Crypto4FunUIKit;
			sourceTree = "<group>";
		};
/* End PBXGroup section */

/* Begin PBXNativeTarget section */
		3CCF0DB328D310A1002D18CA /* Crypto4FunUIKit */ = {
			isa = PBXNativeTarget;
			buildConfigurationList = 3CCF0DC828D310A1002D18CA /* Build configuration list for PBXNativeTarget "Crypto4FunUIKit" */;
			buildPhases = (
				3CCF0DB028D310A1002D18CA /* Sources */,
				3CCF0DB128D310A1002D18CA /* Frameworks */,
				3CCF0DB228D310A1002D18CA /* Resources */,
			);
			buildRules = (
			);
			dependencies = (
			);
			name = Crypto4FunUIKit;
			packageProductDependencies = (
				3C1F2F7A28D7AC8D007783C0 /* Crypto4FunKit */,
			);
			productName = Crypto4FunUIKit;
			productReference = 3CCF0DB428D310A1002D18CA /* Crypto4FunUIKit.app */;
			productType = "com.apple.product-type.application";
		};
/* End PBXNativeTarget section */

/* Begin PBXProject section */
		3CCF0DAC28D310A1002D18CA /* Project object */ = {
			isa = PBXProject;
			attributes = {
				BuildIndependentTargetsInParallel = 1;
				LastSwiftUpdateCheck = 1400;
				LastUpgradeCheck = 1400;
				TargetAttributes = {
					3CCF0DB328D310A1002D18CA = {
						CreatedOnToolsVersion = 14.0;
					};
				};
			};
			buildConfigurationList = 3CCF0DAF28D310A1002D18CA /* Build configuration list for PBXProject "Crypto4FunUIKit" */;
			compatibilityVersion = "Xcode 14.0";
			developmentRegion = en;
			hasScannedForEncodings = 0;
			knownRegions = (
				en,
				Base,
			);
			mainGroup = 3CCF0DAB28D310A1002D18CA;
			packageReferences = (
				3C1F2F7928D7AC8D007783C0 /* XCRemoteSwiftPackageReference "Crypto4FunKit" */,
			);
			productRefGroup = 3CCF0DB528D310A1002D18CA /* Products */;
			projectDirPath = "";
			projectRoot = "";
			targets = (
				3CCF0DB328D310A1002D18CA /* Crypto4FunUIKit */,
			);
		};
/* End PBXProject section */

/* Begin PBXResourcesBuildPhase section */
		3CCF0DB228D310A1002D18CA /* Resources */ = {
			isa = PBXResourcesBuildPhase;
			buildActionMask = 2147483647;
			files = (
				3CCF0DC428D310A1002D18CA /* LaunchScreen.storyboard in Resources */,
				3CCF0DC128D310A1002D18CA /* Assets.xcassets in Resources */,
				3CCF0DBF28D310A1002D18CA /* Main.storyboard in Resources */,
			);
			runOnlyForDeploymentPostprocessing = 0;
		};
/* End PBXResourcesBuildPhase section */

/* Begin PBXSourcesBuildPhase section */
		3CCF0DB028D310A1002D18CA /* Sources */ = {
			isa = PBXSourcesBuildPhase;
			buildActionMask = 2147483647;
			files = (
				3C1F2F7D28D7AD99007783C0 /* ExtensionUIImageView.swift in Sources */,
				3CD35AF828D5F40400662AC3 /* CryptoCell.swift in Sources */,
				3CCF0DBC28D310A1002D18CA /* ViewController.swift in Sources */,
				3CCF0DB828D310A1002D18CA /* AppDelegate.swift in Sources */,
				3CCF0DBA28D310A1002D18CA /* SceneDelegate.swift in Sources */,
			);
			runOnlyForDeploymentPostprocessing = 0;
		};
/* End PBXSourcesBuildPhase section */

/* Begin PBXVariantGroup section */
		3CCF0DBD28D310A1002D18CA /* Main.storyboard */ = {
			isa = PBXVariantGroup;
			children = (
				3CCF0DBE28D310A1002D18CA /* Base */,
			);
			name = Main.storyboard;
			sourceTree = "<group>";
		};
		3CCF0DC228D310A1002D18CA /* LaunchScreen.storyboard */ = {
			isa = PBXVariantGroup;
			children = (
				3CCF0DC328D310A1002D18CA /* Base */,
			);
			name = LaunchScreen.storyboard;
			sourceTree = "<group>";
		};
/* End PBXVariantGroup section */

/* Begin XCBuildConfiguration section */
		3CCF0DC628D310A1002D18CA /* Debug */ = {
			isa = XCBuildConfiguration;
			buildSettings = {
				ALWAYS_SEARCH_USER_PATHS = NO;
				CLANG_ANALYZER_NONNULL = YES;
				CLANG_ANALYZER_NUMBER_OBJECT_CONVERSION = YES_AGGRESSIVE;
				CLANG_CXX_LANGUAGE_STANDARD = "gnu++20";
				CLANG_ENABLE_MODULES = YES;
				CLANG_ENABLE_OBJC_ARC = YES;
				CLANG_ENABLE_OBJC_WEAK = YES;
				CLANG_WARN_BLOCK_CAPTURE_AUTORELEASING = YES;
				CLANG_WARN_BOOL_CONVERSION = YES;
				CLANG_WARN_COMMA = YES;
				CLANG_WARN_CONSTANT_CONVERSION = YES;
				CLANG_WARN_DEPRECATED_OBJC_IMPLEMENTATIONS = YES;
				CLANG_WARN_DIRECT_OBJC_ISA_USAGE = YES_ERROR;
				CLANG_WARN_DOCUMENTATION_COMMENTS = YES;
				CLANG_WARN_EMPTY_BODY = YES;
				CLANG_WARN_ENUM_CONVERSION = YES;
				CLANG_WARN_INFINITE_RECURSION = YES;
				CLANG_WARN_INT_CONVERSION = YES;
				CLANG_WARN_NON_LITERAL_NULL_CONVERSION = YES;
				CLANG_WARN_OBJC_IMPLICIT_RETAIN_SELF = YES;
				CLANG_WARN_OBJC_LITERAL_CONVERSION = YES;
				CLANG_WARN_OBJC_ROOT_CLASS = YES_ERROR;
				CLANG_WARN_QUOTED_INCLUDE_IN_FRAMEWORK_HEADER = YES;
				CLANG_WARN_RANGE_LOOP_ANALYSIS = YES;
				CLANG_WARN_STRICT_PROTOTYPES = YES;
				CLANG_WARN_SUSPICIOUS_MOVE = YES;
				CLANG_WARN_UNGUARDED_AVAILABILITY = YES_AGGRESSIVE;
				CLANG_WARN_UNREACHABLE_CODE = YES;
				CLANG_WARN__DUPLICATE_METHOD_MATCH = YES;
				COPY_PHASE_STRIP = NO;
				DEBUG_INFORMATION_FORMAT = dwarf;
				ENABLE_STRICT_OBJC_MSGSEND = YES;
				ENABLE_TESTABILITY = YES;
				GCC_C_LANGUAGE_STANDARD = gnu11;
				GCC_DYNAMIC_NO_PIC = NO;
				GCC_NO_COMMON_BLOCKS = YES;
				GCC_OPTIMIZATION_LEVEL = 0;
				GCC_PREPROCESSOR_DEFINITIONS = (
					"DEBUG=1",
					"$(inherited)",
				);
				GCC_WARN_64_TO_32_BIT_CONVERSION = YES;
				GCC_WARN_ABOUT_RETURN_TYPE = YES_ERROR;
				GCC_WARN_UNDECLARED_SELECTOR = YES;
				GCC_WARN_UNINITIALIZED_AUTOS = YES_AGGRESSIVE;
				GCC_WARN_UNUSED_FUNCTION = YES;
				GCC_WARN_UNUSED_VARIABLE = YES;
				IPHONEOS_DEPLOYMENT_TARGET = 16.0;
				MTL_ENABLE_DEBUG_INFO = INCLUDE_SOURCE;
				MTL_FAST_MATH = YES;
				ONLY_ACTIVE_ARCH = YES;
				SDKROOT = iphoneos;
				SWIFT_ACTIVE_COMPILATION_CONDITIONS = DEBUG;
				SWIFT_OPTIMIZATION_LEVEL = "-Onone";
			};
			name = Debug;
		};
		3CCF0DC728D310A1002D18CA /* Release */ = {
			isa = XCBuildConfiguration;
			buildSettings = {
				ALWAYS_SEARCH_USER_PATHS = NO;
				CLANG_ANALYZER_NONNULL = YES;
				CLANG_ANALYZER_NUMBER_OBJECT_CONVERSION = YES_AGGRESSIVE;
				CLANG_CXX_LANGUAGE_STANDARD = "gnu++20";
				CLANG_ENABLE_MODULES = YES;
				CLANG_ENABLE_OBJC_ARC = YES;
				CLANG_ENABLE_OBJC_WEAK = YES;
				CLANG_WARN_BLOCK_CAPTURE_AUTORELEASING = YES;
				CLANG_WARN_BOOL_CONVERSION = YES;
				CLANG_WARN_COMMA = YES;
				CLANG_WARN_CONSTANT_CONVERSION = YES;
				CLANG_WARN_DEPRECATED_OBJC_IMPLEMENTATIONS = YES;
				CLANG_WARN_DIRECT_OBJC_ISA_USAGE = YES_ERROR;
				CLANG_WARN_DOCUMENTATION_COMMENTS = YES;
				CLANG_WARN_EMPTY_BODY = YES;
				CLANG_WARN_ENUM_CONVERSION = YES;
				CLANG_WARN_INFINITE_RECURSION = YES;
				CLANG_WARN_INT_CONVERSION = YES;
				CLANG_WARN_NON_LITERAL_NULL_CONVERSION = YES;
				CLANG_WARN_OBJC_IMPLICIT_RETAIN_SELF = YES;
				CLANG_WARN_OBJC_LITERAL_CONVERSION = YES;
				CLANG_WARN_OBJC_ROOT_CLASS = YES_ERROR;
				CLANG_WARN_QUOTED_INCLUDE_IN_FRAMEWORK_HEADER = YES;
				CLANG_WARN_RANGE_LOOP_ANALYSIS = YES;
				CLANG_WARN_STRICT_PROTOTYPES = YES;
				CLANG_WARN_SUSPICIOUS_MOVE = YES;
				CLANG_WARN_UNGUARDED_AVAILABILITY = YES_AGGRESSIVE;
				CLANG_WARN_UNREACHABLE_CODE = YES;
				CLANG_WARN__DUPLICATE_METHOD_MATCH = YES;
				COPY_PHASE_STRIP = NO;
				DEBUG_INFORMATION_FORMAT = "dwarf-with-dsym";
				ENABLE_NS_ASSERTIONS = NO;
				ENABLE_STRICT_OBJC_MSGSEND = YES;
				GCC_C_LANGUAGE_STANDARD = gnu11;
				GCC_NO_COMMON_BLOCKS = YES;
				GCC_WARN_64_TO_32_BIT_CONVERSION = YES;
				GCC_WARN_ABOUT_RETURN_TYPE = YES_ERROR;
				GCC_WARN_UNDECLARED_SELECTOR = YES;
				GCC_WARN_UNINITIALIZED_AUTOS = YES_AGGRESSIVE;
				GCC_WARN_UNUSED_FUNCTION = YES;
				GCC_WARN_UNUSED_VARIABLE = YES;
				IPHONEOS_DEPLOYMENT_TARGET = 16.0;
				MTL_ENABLE_DEBUG_INFO = NO;
				MTL_FAST_MATH = YES;
				SDKROOT = iphoneos;
				SWIFT_COMPILATION_MODE = wholemodule;
				SWIFT_OPTIMIZATION_LEVEL = "-O";
				VALIDATE_PRODUCT = YES;
			};
			name = Release;
		};
		3CCF0DC928D310A1002D18CA /* Debug */ = {
			isa = XCBuildConfiguration;
			buildSettings = {
				ASSETCATALOG_COMPILER_APPICON_NAME = AppIcon;
				ASSETCATALOG_COMPILER_GLOBAL_ACCENT_COLOR_NAME = AccentColor;
				CODE_SIGN_STYLE = Automatic;
				CURRENT_PROJECT_VERSION = 1;
				DEVELOPMENT_TEAM = 99M75C322U;
				GENERATE_INFOPLIST_FILE = YES;
				INFOPLIST_FILE = Crypto4FunUIKit/Info.plist;
				INFOPLIST_KEY_UIApplicationSupportsIndirectInputEvents = YES;
				INFOPLIST_KEY_UILaunchStoryboardName = LaunchScreen;
				INFOPLIST_KEY_UIMainStoryboardFile = Main;
				INFOPLIST_KEY_UISupportedInterfaceOrientations_iPad = "UIInterfaceOrientationPortrait UIInterfaceOrientationPortraitUpsideDown UIInterfaceOrientationLandscapeLeft UIInterfaceOrientationLandscapeRight";
				INFOPLIST_KEY_UISupportedInterfaceOrientations_iPhone = "UIInterfaceOrientationPortrait UIInterfaceOrientationLandscapeLeft UIInterfaceOrientationLandscapeRight";
				LD_RUNPATH_SEARCH_PATHS = (
					"$(inherited)",
					"@executable_path/Frameworks",
				);
				MARKETING_VERSION = 1.0;
				PRODUCT_BUNDLE_IDENTIFIER = com.elliot.knight.Crypto4FunUIKit;
				PRODUCT_NAME = "$(TARGET_NAME)";
				SWIFT_EMIT_LOC_STRINGS = YES;
				SWIFT_VERSION = 5.0;
				TARGETED_DEVICE_FAMILY = "1,2";
			};
			name = Debug;
		};
		3CCF0DCA28D310A1002D18CA /* Release */ = {
			isa = XCBuildConfiguration;
			buildSettings = {
				ASSETCATALOG_COMPILER_APPICON_NAME = AppIcon;
				ASSETCATALOG_COMPILER_GLOBAL_ACCENT_COLOR_NAME = AccentColor;
				CODE_SIGN_STYLE = Automatic;
				CURRENT_PROJECT_VERSION = 1;
				DEVELOPMENT_TEAM = 99M75C322U;
				GENERATE_INFOPLIST_FILE = YES;
				INFOPLIST_FILE = Crypto4FunUIKit/Info.plist;
				INFOPLIST_KEY_UIApplicationSupportsIndirectInputEvents = YES;
				INFOPLIST_KEY_UILaunchStoryboardName = LaunchScreen;
				INFOPLIST_KEY_UIMainStoryboardFile = Main;
				INFOPLIST_KEY_UISupportedInterfaceOrientations_iPad = "UIInterfaceOrientationPortrait UIInterfaceOrientationPortraitUpsideDown UIInterfaceOrientationLandscapeLeft UIInterfaceOrientationLandscapeRight";
				INFOPLIST_KEY_UISupportedInterfaceOrientations_iPhone = "UIInterfaceOrientationPortrait UIInterfaceOrientationLandscapeLeft UIInterfaceOrientationLandscapeRight";
				LD_RUNPATH_SEARCH_PATHS = (
					"$(inherited)",
					"@executable_path/Frameworks",
				);
				MARKETING_VERSION = 1.0;
				PRODUCT_BUNDLE_IDENTIFIER = com.elliot.knight.Crypto4FunUIKit;
				PRODUCT_NAME = "$(TARGET_NAME)";
				SWIFT_EMIT_LOC_STRINGS = YES;
				SWIFT_VERSION = 5.0;
				TARGETED_DEVICE_FAMILY = "1,2";
			};
			name = Release;
		};
/* End XCBuildConfiguration section */

/* Begin XCConfigurationList section */
		3CCF0DAF28D310A1002D18CA /* Build configuration list for PBXProject "Crypto4FunUIKit" */ = {
			isa = XCConfigurationList;
			buildConfigurations = (
				3CCF0DC628D310A1002D18CA /* Debug */,
				3CCF0DC728D310A1002D18CA /* Release */,
			);
			defaultConfigurationIsVisible = 0;
			defaultConfigurationName = Release;
		};
		3CCF0DC828D310A1002D18CA /* Build configuration list for PBXNativeTarget "Crypto4FunUIKit" */ = {
			isa = XCConfigurationList;
			buildConfigurations = (
				3CCF0DC928D310A1002D18CA /* Debug */,
				3CCF0DCA28D310A1002D18CA /* Release */,
			);
			defaultConfigurationIsVisible = 0;
			defaultConfigurationName = Release;
		};
/* End XCConfigurationList section */

/* Begin XCRemoteSwiftPackageReference section */
		3C1F2F7928D7AC8D007783C0 /* XCRemoteSwiftPackageReference "Crypto4FunKit" */ = {
			isa = XCRemoteSwiftPackageReference;
			repositoryURL = "https://github.com/Harry-KNIGHT/Crypto4FunKit";
			requirement = {
				branch = main;
				kind = branch;
			};
		};
/* End XCRemoteSwiftPackageReference section */

/* Begin XCSwiftPackageProductDependency section */
		3C1F2F7A28D7AC8D007783C0 /* Crypto4FunKit */ = {
			isa = XCSwiftPackageProductDependency;
			package = 3C1F2F7928D7AC8D007783C0 /* XCRemoteSwiftPackageReference "Crypto4FunKit" */;
			productName = Crypto4FunKit;
		};
/* End XCSwiftPackageProductDependency section */
	};
	rootObject = 3CCF0DAC28D310A1002D18CA /* Project object */;
}
